// !$*UTF8*$!
{
	archiveVersion = 1;
	classes = {
	};
	objectVersion = 46;
	objects = {

/* Begin PBXBuildFile section */
		88DCC2CC1E7CA47600A8C941 /* AppDelegate.swift in Sources */ = {isa = PBXBuildFile; fileRef = 88DCC2CB1E7CA47600A8C941 /* AppDelegate.swift */; };
		88DCC2CE1E7CA47600A8C941 /* ViewController.swift in Sources */ = {isa = PBXBuildFile; fileRef = 88DCC2CD1E7CA47600A8C941 /* ViewController.swift */; };
		88DCC2D11E7CA47600A8C941 /* Main.storyboard in Resources */ = {isa = PBXBuildFile; fileRef = 88DCC2CF1E7CA47600A8C941 /* Main.storyboard */; };
		88DCC2D31E7CA47600A8C941 /* Assets.xcassets in Resources */ = {isa = PBXBuildFile; fileRef = 88DCC2D21E7CA47600A8C941 /* Assets.xcassets */; };
		88DCC2D61E7CA47600A8C941 /* LaunchScreen.storyboard in Resources */ = {isa = PBXBuildFile; fileRef = 88DCC2D41E7CA47600A8C941 /* LaunchScreen.storyboard */; };
/* End PBXBuildFile section */

/* Begin PBXFileReference section */
		88DCC2C81E7CA47600A8C941 /* Hello Bitches.app */ = {isa = PBXFileReference; explicitFileType = wrapper.application; includeInIndex = 0; path = "Hello Bitches.app"; sourceTree = BUILT_PRODUCTS_DIR; };
		88DCC2CB1E7CA47600A8C941 /* AppDelegate.swift */ = {isa = PBXFileReference; lastKnownFileType = sourcecode.swift; path = AppDelegate.swift; sourceTree = "<group>"; };
		88DCC2CD1E7CA47600A8C941 /* ViewController.swift */ = {isa = PBXFileReference; lastKnownFileType = sourcecode.swift; path = ViewController.swift; sourceTree = "<group>"; };
		88DCC2D01E7CA47600A8C941 /* Base */ = {isa = PBXFileReference; lastKnownFileType = file.storyboard; name = Base; path = Base.lproj/Main.storyboard; sourceTree = "<group>"; };
		88DCC2D21E7CA47600A8C941 /* Assets.xcassets */ = {isa = PBXFileReference; lastKnownFileType = folder.assetcatalog; path = Assets.xcassets; sourceTree = "<group>"; };
		88DCC2D51E7CA47600A8C941 /* Base */ = {isa = PBXFileReference; lastKnownFileType = file.storyboard; name = Base; path = Base.lproj/LaunchScreen.storyboard; sourceTree = "<group>"; };
		88DCC2D71E7CA47600A8C941 /* Info.plist */ = {isa = PBXFileReference; lastKnownFileType = text.plist.xml; path = Info.plist; sourceTree = "<group>"; };
/* End PBXFileReference section */

/* Begin PBXFrameworksBuildPhase section */
		88DCC2C51E7CA47600A8C941 /* Frameworks */ = {
			isa = PBXFrameworksBuildPhase;
			buildActionMask = 2147483647;
			files = (
			);
			runOnlyForDeploymentPostprocessing = 0;
		};
/* End PBXFrameworksBuildPhase section */

/* Begin PBXGroup section */
		88DCC2BF1E7CA47600A8C941 = {
			isa = PBXGroup;
			children = (
				88DCC2CA1E7CA47600A8C941 /* Hello Bitches */,
				88DCC2C91E7CA47600A8C941 /* Products */,
			);
			sourceTree = "<group>";
		};
		88DCC2C91E7CA47600A8C941 /* Products */ = {
			isa = PBXGroup;
			children = (
				88DCC2C81E7CA47600A8C941 /* Hello Bitches.app */,
			);
			name = Products;
			sourceTree = "<group>";
		};
		88DCC2CA1E7CA47600A8C941 /* Hello Bitches */ = {
			isa = PBXGroup;
			children = (
				88DCC2CB1E7CA47600A8C941 /* AppDelegate.swift */,
				88DCC2CD1E7CA47600A8C941 /* ViewController.swift */,
				88DCC2CF1E7CA47600A8C941 /* Main.storyboard */,
				88DCC2D21E7CA47600A8C941 /* Assets.xcassets */,
				88DCC2D41E7CA47600A8C941 /* LaunchScreen.storyboard */,
				88DCC2D71E7CA47600A8C941 /* Info.plist */,
			);
			path = "Hello Bitches";
			sourceTree = "<group>";
		};
/* End PBXGroup section */

/* Begin PBXNativeTarget section */
		88DCC2C71E7CA47600A8C941 /* Hello Bitches */ = {
			isa = PBXNativeTarget;
			buildConfigurationList = 88DCC2DA1E7CA47600A8C941 /* Build configuration list for PBXNativeTarget "Hello Bitches" */;
			buildPhases = (
				88DCC2C41E7CA47600A8C941 /* Sources */,
				88DCC2C51E7CA47600A8C941 /* Frameworks */,
				88DCC2C61E7CA47600A8C941 /* Resources */,
			);
			buildRules = (
			);
			dependencies = (
			);
			name = "Hello Bitches";
			productName = "Hello Bitches";
			productReference = 88DCC2C81E7CA47600A8C941 /* Hello Bitches.app */;
			productType = "com.apple.product-type.application";
		};
/* End PBXNativeTarget section */

/* Begin PBXProject section */
		88DCC2C01E7CA47600A8C941 /* Project object */ = {
			isa = PBXProject;
			attributes = {
				LastSwiftUpdateCheck = 0820;
				LastUpgradeCheck = 0820;
				ORGANIZATIONNAME = "Reid Developer";
				TargetAttributes = {
					88DCC2C71E7CA47600A8C941 = {
						CreatedOnToolsVersion = 8.2.1;
						ProvisioningStyle = Automatic;
					};
				};
			};
			buildConfigurationList = 88DCC2C31E7CA47600A8C941 /* Build configuration list for PBXProject "Hello Bitches" */;
			compatibilityVersion = "Xcode 3.2";
			developmentRegion = English;
			hasScannedForEncodings = 0;
			knownRegions = (
				en,
				Base,
			);
			mainGroup = 88DCC2BF1E7CA47600A8C941;
			productRefGroup = 88DCC2C91E7CA47600A8C941 /* Products */;
			projectDirPath = "";
			projectRoot = "";
			targets = (
				88DCC2C71E7CA47600A8C941 /* Hello Bitches */,
			);
		};
/* End PBXProject section */

/* Begin PBXResourcesBuildPhase section */
		88DCC2C61E7CA47600A8C941 /* Resources */ = {
			isa = PBXResourcesBuildPhase;
			buildActionMask = 2147483647;
			files = (
				88DCC2D61E7CA47600A8C941 /* LaunchScreen.storyboard in Resources */,
				88DCC2D31E7CA47600A8C941 /* Assets.xcassets in Resources */,
				88DCC2D11E7CA47600A8C941 /* Main.storyboard in Resources */,
			);
			runOnlyForDeploymentPostprocessing = 0;
		};
/* End PBXResourcesBuildPhase section */

/* Begin PBXSourcesBuildPhase section */
		88DCC2C41E7CA47600A8C941 /* Sources */ = {
			isa = PBXSourcesBuildPhase;
			buildActionMask = 2147483647;
			files = (
				88DCC2CE1E7CA47600A8C941 /* ViewController.swift in Sources */,
				88DCC2CC1E7CA47600A8C941 /* AppDelegate.swift in Sources */,
			);
			runOnlyForDeploymentPostprocessing = 0;
		};
/* End PBXSourcesBuildPhase section */

/* Begin PBXVariantGroup section */
		88DCC2CF1E7CA47600A8C941 /* Main.storyboard */ = {
			isa = PBXVariantGroup;
			children = (
				88DCC2D01E7CA47600A8C941 /* Base */,
			);
			name = Main.storyboard;
			sourceTree = "<group>";
		};
		88DCC2D41E7CA47600A8C941 /* LaunchScreen.storyboard */ = {
			isa = PBXVariantGroup;
			children = (
				88DCC2D51E7CA47600A8C941 /* Base */,
			);
			name = LaunchScreen.storyboard;
			sourceTree = "<group>";
		};
/* End PBXVariantGroup section */

/* Begin XCBuildConfiguration section */
		88DCC2D81E7CA47600A8C941 /* Debug */ = {
			isa = XCBuildConfiguration;
			buildSettings = {
				ALWAYS_SEARCH_USER_PATHS = NO;
				CLANG_ANALYZER_NONNULL = YES;
				CLANG_CXX_LANGUAGE_STANDARD = "gnu++0x";
				CLANG_CXX_LIBRARY = "libc++";
				CLANG_ENABLE_MODULES = YES;
				CLANG_ENABLE_OBJC_ARC = YES;
				CLANG_WARN_BOOL_CONVERSION = YES;
				CLANG_WARN_CONSTANT_CONVERSION = YES;
				CLANG_WARN_DIRECT_OBJC_ISA_USAGE = YES_ERROR;
				CLANG_WARN_DOCUMENTATION_COMMENTS = YES;
				CLANG_WARN_EMPTY_BODY = YES;
				CLANG_WARN_ENUM_CONVERSION = YES;
				CLANG_WARN_INFINITE_RECURSION = YES;
				CLANG_WARN_INT_CONVERSION = YES;
				CLANG_WARN_OBJC_ROOT_CLASS = YES_ERROR;
				CLANG_WARN_SUSPICIOUS_MOVE = YES;
				CLANG_WARN_UNREACHABLE_CODE = YES;
				CLANG_WARN__DUPLICATE_METHOD_MATCH = YES;
				"CODE_SIGN_IDENTITY[sdk=iphoneos*]" = "iPhone Developer";
				COPY_PHASE_STRIP = NO;
				DEBUG_INFORMATION_FORMAT = dwarf;
				ENABLE_STRICT_OBJC_MSGSEND = YES;
				ENABLE_TESTABILITY = YES;
				GCC_C_LANGUAGE_STANDARD = gnu99;
				GCC_DYNAMIC_NO_PIC = NO;
				GCC_NO_COMMON_BLOCKS = YES;
				GCC_OPTIMIZATION_LEVEL = 0;
				GCC_PREPROCESSOR_DEFINITIONS = (
					"DEBUG=1",
					"$(inherited)",
				);
				GCC_WARN_64_TO_32_BIT_CONVERSION = YES;
				GCC_WARN_ABOUT_RETURN_TYPE = YES_ERROR;
				GCC_WARN_UNDECLARED_SELECTOR = YES;
				GCC_WARN_UNINITIALIZED_AUTOS = YES_AGGRESSIVE;
				GCC_WARN_UNUSED_FUNCTION = YES;
				GCC_WARN_UNUSED_VARIABLE = YES;
				IPHONEOS_DEPLOYMENT_TARGET = 10.2;
				MTL_ENABLE_DEBUG_INFO = YES;
				ONLY_ACTIVE_ARCH = YES;
				SDKROOT = iphoneos;
				SWIFT_ACTIVE_COMPILATION_CONDITIONS = DEBUG;
				SWIFT_OPTIMIZATION_LEVEL = "-Onone";
				TARGETED_DEVICE_FAMILY = "1,2";
			};
			name = Debug;
		};
		88DCC2D91E7CA47600A8C941 /* Release */ = {
			isa = XCBuildConfiguration;
			buildSettings = {
				ALWAYS_SEARCH_USER_PATHS = NO;
				CLANG_ANALYZER_NONNULL = YES;
				CLANG_CXX_LANGUAGE_STANDARD = "gnu++0x";
				CLANG_CXX_LIBRARY = "libc++";
				CLANG_ENABLE_MODULES = YES;
				CLANG_ENABLE_OBJC_ARC = YES;
				CLANG_WARN_BOOL_CONVERSION = YES;
				CLANG_WARN_CONSTANT_CONVERSION = YES;
				CLANG_WARN_DIRECT_OBJC_ISA_USAGE = YES_ERROR;
				CLANG_WARN_DOCUMENTATION_COMMENTS = YES;
				CLANG_WARN_EMPTY_BODY = YES;
				CLANG_WARN_ENUM_CONVERSION = YES;
				CLANG_WARN_INFINITE_RECURSION = YES;
				CLANG_WARN_INT_CONVERSION = YES;
				CLANG_WARN_OBJC_ROOT_CLASS = YES_ERROR;
				CLANG_WARN_SUSPICIOUS_MOVE = YES;
				CLANG_WARN_UNREACHABLE_CODE = YES;
				CLANG_WARN__DUPLICATE_METHOD_MATCH = YES;
				"CODE_SIGN_IDENTITY[sdk=iphoneos*]" = "iPhone Developer";
				COPY_PHASE_STRIP = NO;
				DEBUG_INFORMATION_FORMAT = "dwarf-with-dsym";
				ENABLE_NS_ASSERTIONS = NO;
				ENABLE_STRICT_OBJC_MSGSEND = YES;
				GCC_C_LANGUAGE_STANDARD = gnu99;
				GCC_NO_COMMON_BLOCKS = YES;
				GCC_WARN_64_TO_32_BIT_CONVERSION = YES;
				GCC_WARN_ABOUT_RETURN_TYPE = YES_ERROR;
				GCC_WARN_UNDECLARED_SELECTOR = YES;
				GCC_WARN_UNINITIALIZED_AUTOS = YES_AGGRESSIVE;
				GCC_WARN_UNUSED_FUNCTION = YES;
				GCC_WARN_UNUSED_VARIABLE = YES;
				IPHONEOS_DEPLOYMENT_TARGET = 10.2;
				MTL_ENABLE_DEBUG_INFO = NO;
				SDKROOT = iphoneos;
				SWIFT_OPTIMIZATION_LEVEL = "-Owholemodule";
				TARGETED_DEVICE_FAMILY = "1,2";
				VALIDATE_PRODUCT = YES;
			};
			name = Release;
		};
		88DCC2DB1E7CA47600A8C941 /* Debug */ = {
			isa = XCBuildConfiguration;
			buildSettings = {
				ASSETCATALOG_COMPILER_APPICON_NAME = AppIcon;
				INFOPLIST_FILE = "Hello Bitches/Info.plist";
				LD_RUNPATH_SEARCH_PATHS = "$(inherited) @executable_path/Frameworks";
				PRODUCT_BUNDLE_IDENTIFIER = "com.monkeyboy.Hello-Bitches";
				PRODUCT_NAME = "$(TARGET_NAME)";
				SWIFT_VERSION = 3.0;
			};
			name = Debug;
		};
		88DCC2DC1E7CA47600A8C941 /* Release */ = {
			isa = XCBuildConfiguration;
			buildSettings = {
				ASSETCATALOG_COMPILER_APPICON_NAME = AppIcon;
				INFOPLIST_FILE = "Hello Bitches/Info.plist";
				LD_RUNPATH_SEARCH_PATHS = "$(inherited) @executable_path/Frameworks";
				PRODUCT_BUNDLE_IDENTIFIER = "com.monkeyboy.Hello-Bitches";
				PRODUCT_NAME = "$(TARGET_NAME)";
				SWIFT_VERSION = 3.0;
			};
			name = Release;
		};
/* End XCBuildConfiguration section */

/* Begin XCConfigurationList section */
		88DCC2C31E7CA47600A8C941 /* Build configuration list for PBXProject "Hello Bitches" */ = {
			isa = XCConfigurationList;
			buildConfigurations = (
				88DCC2D81E7CA47600A8C941 /* Debug */,
				88DCC2D91E7CA47600A8C941 /* Release */,
			);
			defaultConfigurationIsVisible = 0;
			defaultConfigurationName = Release;
		};
		88DCC2DA1E7CA47600A8C941 /* Build configuration list for PBXNativeTarget "Hello Bitches" */ = {
			isa = XCConfigurationList;
			buildConfigurations = (
				88DCC2DB1E7CA47600A8C941 /* Debug */,
				88DCC2DC1E7CA47600A8C941 /* Release */,
			);
			defaultConfigurationIsVisible = 0;
		};
/* End XCConfigurationList section */
	};
	rootObject = 88DCC2C01E7CA47600A8C941 /* Project object */;
}
